
Microsoft Visual Studio Solution File, Format Version 12.00
# Visual Studio Version 16
VisualStudioVersion = 16.0.29806.167
MinimumVisualStudioVersion = 10.0.40219.1
Project("{2150E333-8FDC-42A3-9474-1A3956D46DE8}") = "Fichas", "Fichas", "{31207114-DE85-414A-8371-1A6F2D79243C}"
EndProject
Project("{9A19103F-16F7-4668-BE54-9A1E7A4F7556}") = "Ficha10", "Ficha6\Ficha10.csproj", "{267D59EF-FD47-4349-A33C-C69B18D2B27F}"
EndProject
Project("{9A19103F-16F7-4668-BE54-9A1E7A4F7556}") = "Consola", "Consola\Consola.csproj", "{07D885B6-9B94-4A99-9B3E-887D981B6B57}"
EndProject
Project("{9A19103F-16F7-4668-BE54-9A1E7A4F7556}") = "Ficha11", "Ficha7\Ficha11.csproj", "{62CD33F6-A078-4948-87D2-6EB4EA33AA38}"
EndProject
Project("{9A19103F-16F7-4668-BE54-9A1E7A4F7556}") = "Ficha12", "Ficha9\Ficha12.csproj", "{CBEC58B0-FDF0-4B5C-AA11-8E305CCFF142}"
EndProject
Project("{9A19103F-16F7-4668-BE54-9A1E7A4F7556}") = "Ficha13", "Ficha13solucao\Ficha13.csproj", "{B5BCE10F-67EF-4F52-A406-791792ED0E38}"
EndProject
Project("{9A19103F-16F7-4668-BE54-9A1E7A4F7556}") = "Ficha14", "ClassLibrary1\Ficha14.csproj", "{A2780D77-C21D-4AB2-BEBB-D8CC2F31933E}"
EndProject
Project("{9A19103F-16F7-4668-BE54-9A1E7A4F7556}") = "Ficha15", "Ficha15\Ficha15.csproj", "{46174B59-1B36-49D5-A989-B65A284EF4F6}"
EndProject
Project("{9A19103F-16F7-4668-BE54-9A1E7A4F7556}") = "Ficha16", "Exercicio16\Ficha16.csproj", "{AD016622-629F-42B4-8DF7-655789BB4980}"
EndProject
Project("{9A19103F-16F7-4668-BE54-9A1E7A4F7556}") = "Ficha17", "Ficha17\Ficha17.csproj", "{3907321B-1B5F-4BD1-96DE-2B331DDC3692}"
EndProject
Project("{9A19103F-16F7-4668-BE54-9A1E7A4F7556}") = "Ficha24", "Ficha24\Ficha24.csproj", "{0B753A65-1D68-490B-8CD1-B2D8FB9C833E}"
EndProject
Project("{9A19103F-16F7-4668-BE54-9A1E7A4F7556}") = "Ficha25", "Ficha25\Ficha25.csproj", "{4064EF84-9237-4EEA-BCB9-D74B2CD87B50}"
EndProject
Project("{FAE04EC0-301F-11D3-BF4B-00C04F79EFBC}") = "Ficha26", "Ficha26\Ficha26.csproj", "{CED5FB69-AE00-4800-9194-409AE73C4CC9}"
EndProject
Project("{FAE04EC0-301F-11D3-BF4B-00C04F79EFBC}") = "Ficha18", "Ficha18\Ficha18.csproj", "{6F914808-9444-4EAB-952D-B20C9B2C6A6B}"
EndProject
Project("{FAE04EC0-301F-11D3-BF4B-00C04F79EFBC}") = "Ficha19", "Ficha19\Ficha19.csproj", "{7C398D13-85A0-4487-82DF-93BC10CA302D}"
EndProject
Project("{FAE04EC0-301F-11D3-BF4B-00C04F79EFBC}") = "Ficha20", "Ficha20\Ficha20.csproj", "{E83FB626-83DF-40E9-A7C6-1BB5DEF0E578}"
EndProject
Global
	GlobalSection(SolutionConfigurationPlatforms) = preSolution
		Debug|Any CPU = Debug|Any CPU
		Release|Any CPU = Release|Any CPU
	EndGlobalSection
	GlobalSection(ProjectConfigurationPlatforms) = postSolution
		{267D59EF-FD47-4349-A33C-C69B18D2B27F}.Debug|Any CPU.ActiveCfg = Debug|Any CPU
		{267D59EF-FD47-4349-A33C-C69B18D2B27F}.Debug|Any CPU.Build.0 = Debug|Any CPU
		{267D59EF-FD47-4349-A33C-C69B18D2B27F}.Release|Any CPU.ActiveCfg = Release|Any CPU
		{267D59EF-FD47-4349-A33C-C69B18D2B27F}.Release|Any CPU.Build.0 = Release|Any CPU
		{07D885B6-9B94-4A99-9B3E-887D981B6B57}.Debug|Any CPU.ActiveCfg = Debug|Any CPU
		{07D885B6-9B94-4A99-9B3E-887D981B6B57}.Debug|Any CPU.Build.0 = Debug|Any CPU
		{07D885B6-9B94-4A99-9B3E-887D981B6B57}.Release|Any CPU.ActiveCfg = Release|Any CPU
		{07D885B6-9B94-4A99-9B3E-887D981B6B57}.Release|Any CPU.Build.0 = Release|Any CPU
		{62CD33F6-A078-4948-87D2-6EB4EA33AA38}.Debug|Any CPU.ActiveCfg = Debug|Any CPU
		{62CD33F6-A078-4948-87D2-6EB4EA33AA38}.Debug|Any CPU.Build.0 = Debug|Any CPU
		{62CD33F6-A078-4948-87D2-6EB4EA33AA38}.Release|Any CPU.ActiveCfg = Release|Any CPU
		{62CD33F6-A078-4948-87D2-6EB4EA33AA38}.Release|Any CPU.Build.0 = Release|Any CPU
		{CBEC58B0-FDF0-4B5C-AA11-8E305CCFF142}.Debug|Any CPU.ActiveCfg = Debug|Any CPU
		{CBEC58B0-FDF0-4B5C-AA11-8E305CCFF142}.Debug|Any CPU.Build.0 = Debug|Any CPU
		{CBEC58B0-FDF0-4B5C-AA11-8E305CCFF142}.Release|Any CPU.ActiveCfg = Release|Any CPU
		{CBEC58B0-FDF0-4B5C-AA11-8E305CCFF142}.Release|Any CPU.Build.0 = Release|Any CPU
		{B5BCE10F-67EF-4F52-A406-791792ED0E38}.Debug|Any CPU.ActiveCfg = Debug|Any CPU
		{B5BCE10F-67EF-4F52-A406-791792ED0E38}.Debug|Any CPU.Build.0 = Debug|Any CPU
		{B5BCE10F-67EF-4F52-A406-791792ED0E38}.Release|Any CPU.ActiveCfg = Release|Any CPU
		{B5BCE10F-67EF-4F52-A406-791792ED0E38}.Release|Any CPU.Build.0 = Release|Any CPU
		{A2780D77-C21D-4AB2-BEBB-D8CC2F31933E}.Debug|Any CPU.ActiveCfg = Debug|Any CPU
		{A2780D77-C21D-4AB2-BEBB-D8CC2F31933E}.Debug|Any CPU.Build.0 = Debug|Any CPU
		{A2780D77-C21D-4AB2-BEBB-D8CC2F31933E}.Release|Any CPU.ActiveCfg = Release|Any CPU
		{A2780D77-C21D-4AB2-BEBB-D8CC2F31933E}.Release|Any CPU.Build.0 = Release|Any CPU
		{46174B59-1B36-49D5-A989-B65A284EF4F6}.Debug|Any CPU.ActiveCfg = Debug|Any CPU
		{46174B59-1B36-49D5-A989-B65A284EF4F6}.Debug|Any CPU.Build.0 = Debug|Any CPU
		{46174B59-1B36-49D5-A989-B65A284EF4F6}.Release|Any CPU.ActiveCfg = Release|Any CPU
		{46174B59-1B36-49D5-A989-B65A284EF4F6}.Release|Any CPU.Build.0 = Release|Any CPU
		{AD016622-629F-42B4-8DF7-655789BB4980}.Debug|Any CPU.ActiveCfg = Debug|Any CPU
		{AD016622-629F-42B4-8DF7-655789BB4980}.Debug|Any CPU.Build.0 = Debug|Any CPU
		{AD016622-629F-42B4-8DF7-655789BB4980}.Release|Any CPU.ActiveCfg = Release|Any CPU
		{AD016622-629F-42B4-8DF7-655789BB4980}.Release|Any CPU.Build.0 = Release|Any CPU
		{3907321B-1B5F-4BD1-96DE-2B331DDC3692}.Debug|Any CPU.ActiveCfg = Debug|Any CPU
		{3907321B-1B5F-4BD1-96DE-2B331DDC3692}.Debug|Any CPU.Build.0 = Debug|Any CPU
		{3907321B-1B5F-4BD1-96DE-2B331DDC3692}.Release|Any CPU.ActiveCfg = Release|Any CPU
		{3907321B-1B5F-4BD1-96DE-2B331DDC3692}.Release|Any CPU.Build.0 = Release|Any CPU
		{0B753A65-1D68-490B-8CD1-B2D8FB9C833E}.Debug|Any CPU.ActiveCfg = Debug|Any CPU
		{0B753A65-1D68-490B-8CD1-B2D8FB9C833E}.Debug|Any CPU.Build.0 = Debug|Any CPU
		{0B753A65-1D68-490B-8CD1-B2D8FB9C833E}.Release|Any CPU.ActiveCfg = Release|Any CPU
		{0B753A65-1D68-490B-8CD1-B2D8FB9C833E}.Release|Any CPU.Build.0 = Release|Any CPU
		{4064EF84-9237-4EEA-BCB9-D74B2CD87B50}.Debug|Any CPU.ActiveCfg = Debug|Any CPU
		{4064EF84-9237-4EEA-BCB9-D74B2CD87B50}.Debug|Any CPU.Build.0 = Debug|Any CPU
		{4064EF84-9237-4EEA-BCB9-D74B2CD87B50}.Release|Any CPU.ActiveCfg = Release|Any CPU
		{4064EF84-9237-4EEA-BCB9-D74B2CD87B50}.Release|Any CPU.Build.0 = Release|Any CPU
		{CED5FB69-AE00-4800-9194-409AE73C4CC9}.Debug|Any CPU.ActiveCfg = Debug|Any CPU
		{CED5FB69-AE00-4800-9194-409AE73C4CC9}.Debug|Any CPU.Build.0 = Debug|Any CPU
		{CED5FB69-AE00-4800-9194-409AE73C4CC9}.Release|Any CPU.ActiveCfg = Release|Any CPU
		{CED5FB69-AE00-4800-9194-409AE73C4CC9}.Release|Any CPU.Build.0 = Release|Any CPU
		{6F914808-9444-4EAB-952D-B20C9B2C6A6B}.Debug|Any CPU.ActiveCfg = Debug|Any CPU
		{6F914808-9444-4EAB-952D-B20C9B2C6A6B}.Debug|Any CPU.Build.0 = Debug|Any CPU
		{6F914808-9444-4EAB-952D-B20C9B2C6A6B}.Release|Any CPU.ActiveCfg = Release|Any CPU
		{6F914808-9444-4EAB-952D-B20C9B2C6A6B}.Release|Any CPU.Build.0 = Release|Any CPU
		{7C398D13-85A0-4487-82DF-93BC10CA302D}.Debug|Any CPU.ActiveCfg = Debug|Any CPU
		{7C398D13-85A0-4487-82DF-93BC10CA302D}.Debug|Any CPU.Build.0 = Debug|Any CPU
		{7C398D13-85A0-4487-82DF-93BC10CA302D}.Release|Any CPU.ActiveCfg = Release|Any CPU
		{7C398D13-85A0-4487-82DF-93BC10CA302D}.Release|Any CPU.Build.0 = Release|Any CPU
		{E83FB626-83DF-40E9-A7C6-1BB5DEF0E578}.Debug|Any CPU.ActiveCfg = Debug|Any CPU
		{E83FB626-83DF-40E9-A7C6-1BB5DEF0E578}.Debug|Any CPU.Build.0 = Debug|Any CPU
		{E83FB626-83DF-40E9-A7C6-1BB5DEF0E578}.Release|Any CPU.ActiveCfg = Release|Any CPU
		{E83FB626-83DF-40E9-A7C6-1BB5DEF0E578}.Release|Any CPU.Build.0 = Release|Any CPU
	EndGlobalSection
	GlobalSection(SolutionProperties) = preSolution
		HideSolutionNode = FALSE
	EndGlobalSection
	GlobalSection(NestedProjects) = preSolution
		{267D59EF-FD47-4349-A33C-C69B18D2B27F} = {31207114-DE85-414A-8371-1A6F2D79243C}
		{62CD33F6-A078-4948-87D2-6EB4EA33AA38} = {31207114-DE85-414A-8371-1A6F2D79243C}
		{CBEC58B0-FDF0-4B5C-AA11-8E305CCFF142} = {31207114-DE85-414A-8371-1A6F2D79243C}
		{B5BCE10F-67EF-4F52-A406-791792ED0E38} = {31207114-DE85-414A-8371-1A6F2D79243C}
		{A2780D77-C21D-4AB2-BEBB-D8CC2F31933E} = {31207114-DE85-414A-8371-1A6F2D79243C}
		{46174B59-1B36-49D5-A989-B65A284EF4F6} = {31207114-DE85-414A-8371-1A6F2D79243C}
		{AD016622-629F-42B4-8DF7-655789BB4980} = {31207114-DE85-414A-8371-1A6F2D79243C}
		{3907321B-1B5F-4BD1-96DE-2B331DDC3692} = {31207114-DE85-414A-8371-1A6F2D79243C}
		{0B753A65-1D68-490B-8CD1-B2D8FB9C833E} = {31207114-DE85-414A-8371-1A6F2D79243C}
		{4064EF84-9237-4EEA-BCB9-D74B2CD87B50} = {31207114-DE85-414A-8371-1A6F2D79243C}
		{CED5FB69-AE00-4800-9194-409AE73C4CC9} = {31207114-DE85-414A-8371-1A6F2D79243C}
		{6F914808-9444-4EAB-952D-B20C9B2C6A6B} = {31207114-DE85-414A-8371-1A6F2D79243C}
		{7C398D13-85A0-4487-82DF-93BC10CA302D} = {31207114-DE85-414A-8371-1A6F2D79243C}
		{E83FB626-83DF-40E9-A7C6-1BB5DEF0E578} = {31207114-DE85-414A-8371-1A6F2D79243C}
	EndGlobalSection
	GlobalSection(ExtensibilityGlobals) = postSolution
		SolutionGuid = {E07E5583-30BD-458E-BBC2-C7ECFA145259}
	EndGlobalSection
EndGlobal
